<?xml version="1.0" encoding="utf-8"?>
<Project ToolsVersion="4.0" xmlns="http://schemas.microsoft.com/developer/msbuild/2003">
  <ItemGroup>
    <Filter Include="Source Files">
      <UniqueIdentifier>{4FC737F1-C7A5-4376-A066-2A32D752A2FF}</UniqueIdentifier>
      <Extensions>cpp;c;cc;cxx;c++;def;odl;idl;hpj;bat;asm;asmx</Extensions>
    </Filter>
    <Filter Include="Header Files">
      <UniqueIdentifier>{93995380-89BD-4b04-88EB-625FBE52EBFB}</UniqueIdentifier>
      <Extensions>h;hh;hpp;hxx;h++;hm;inl;inc;ipp;xsd</Extensions>
    </Filter>
    <Filter Include="Resource Files">
      <UniqueIdentifier>{67DA6AB6-F800-4c08-8B7A-83BB121AAD01}</UniqueIdentifier>
      <Extensions>rc;ico;cur;bmp;dlg;rc2;rct;bin;rgs;gif;jpg;jpeg;jpe;resx;tiff;tif;png;wav;mfcribbon-ms</Extensions>
    </Filter>
    <Filter Include="Source Files\Tools">
      <UniqueIdentifier>{d0f9f5d4-569b-4777-a5cc-2b0f19c48af9}</UniqueIdentifier>
    </Filter>
    <Filter Include="Resource Files\wordlist">
      <UniqueIdentifier>{ae985cb5-6895-466c-8403-7812377c6dae}</UniqueIdentifier>
    </Filter>
    <Filter Include="Source Files\1. AdapterInformation">
      <UniqueIdentifier>{d46560f2-2f78-4acf-a0b8-153e8493ad8e}</UniqueIdentifier>
    </Filter>
    <Filter Include="Source Files\2. NetDiscovery">
      <UniqueIdentifier>{ec10770e-2cad-496d-ae36-93b283a15fda}</UniqueIdentifier>
    </Filter>
    <Filter Include="Source Files\2. NetDiscovery\ARPQuery">
      <UniqueIdentifier>{54148199-9891-4916-9f3a-54121b8c36dd}</UniqueIdentifier>
    </Filter>
    <Filter Include="Source Files\2. NetDiscovery\ARPTable">
      <UniqueIdentifier>{217c28ca-f37c-433f-ad14-e947c7e5f3d2}</UniqueIdentifier>
    </Filter>
    <Filter Include="Source Files\2. NetDiscovery\ICMP">
      <UniqueIdentifier>{456d66c0-bd0f-448c-9dfe-a01dd32273a8}</UniqueIdentifier>
    </Filter>
    <Filter Include="Source Files\2. NetDiscovery\PassifPacketSniffing">
      <UniqueIdentifier>{28321774-0d11-4af2-8c69-57f280235eea}</UniqueIdentifier>
    </Filter>
    <Filter Include="Source Files\Tools\MgArguments">
      <UniqueIdentifier>{01941080-0e5f-4b9f-b743-58ba332b8fbf}</UniqueIdentifier>
    </Filter>
    <Filter Include="Source Files\Tools\Network">
      <UniqueIdentifier>{925da2e4-fc7a-4ae2-a354-3c4994367f81}</UniqueIdentifier>
    </Filter>
    <Filter Include="Source Files\4. FingerPrintInfo">
      <UniqueIdentifier>{05ad2e7e-9416-461f-b422-26453839f8a1}</UniqueIdentifier>
    </Filter>
    <Filter Include="Source Files\4. FingerPrintInfo\EnumSMB">
      <UniqueIdentifier>{df85d002-0fb8-4d96-92a7-c638609149da}</UniqueIdentifier>
    </Filter>
    <Filter Include="Source Files\4. FingerPrintInfo\EnumHTTP">
      <UniqueIdentifier>{2c7cf654-39dc-4732-b96d-a1c803494773}</UniqueIdentifier>
    </Filter>
    <Filter Include="Source Files\4. FingerPrintInfo\EnumHTTP\DetectWAF">
      <UniqueIdentifier>{d18b0e5f-fa31-48dd-8740-57ba8c0929b3}</UniqueIdentifier>
    </Filter>
    <Filter Include="Source Files\4. FingerPrintInfo\EnumHTTP\GetHTTPserver">
      <UniqueIdentifier>{bd3cfa1b-e288-4e5f-9db9-fe7d3841878c}</UniqueIdentifier>
    </Filter>
    <Filter Include="Source Files\4. FingerPrintInfo\EnumFTP">
      <UniqueIdentifier>{64791456-2c5a-4fba-abfe-0ee6e98c850f}</UniqueIdentifier>
    </Filter>
    <Filter Include="Source Files\4. FingerPrintInfo\EnumNetBios">
      <UniqueIdentifier>{8f2683ba-b9b8-44bb-a285-51d4ad068eaa}</UniqueIdentifier>
    </Filter>
    <Filter Include="Source Files\2. NetDiscovery\GetMacVendor">
      <UniqueIdentifier>{04d1b65c-8b9e-4627-a752-2b06763138b6}</UniqueIdentifier>
    </Filter>
    <Filter Include="Source Files\4. FingerPrintInfo\EnumSMTP">
      <UniqueIdentifier>{08cb817c-02fa-4c03-9db8-266031bef1b1}</UniqueIdentifier>
    </Filter>
    <Filter Include="Source Files\2. NetDiscovery\DNSscan">
      <UniqueIdentifier>{42ae1d73-9297-4ae0-b836-96bf0f999f6d}</UniqueIdentifier>
    </Filter>
    <Filter Include="Source Files\4. FingerPrintInfo\EnumHTTP\FaviconDetection">
      <UniqueIdentifier>{34850fa1-d6fd-443d-a5b5-edb74e0b82e6}</UniqueIdentifier>
    </Filter>
    <Filter Include="Source Files\4. FingerPrintInfo\EnumHTTP\ToolsHTTP">
      <UniqueIdentifier>{667100e0-55ba-4d33-ac45-159c92fef4ca}</UniqueIdentifier>
    </Filter>
    <Filter Include="Source Files\4. FingerPrintInfo\EnumHTTP\DetectHttpBasicAuth">
      <UniqueIdentifier>{63674d7f-5e96-44a5-960f-161c04d000c6}</UniqueIdentifier>
    </Filter>
    <Filter Include="Source Files\Tools\Base64">
      <UniqueIdentifier>{7f4d73a6-e5f7-46ad-a62c-6350f87344d8}</UniqueIdentifier>
    </Filter>
    <Filter Include="Source Files\Tools\MD5">
      <UniqueIdentifier>{dc280b89-ad85-43c0-a1ce-4e8fc32a930c}</UniqueIdentifier>
    </Filter>
    <Filter Include="Source Files\4. FingerPrintInfo\EnumLDAP">
      <UniqueIdentifier>{59e795c2-dfff-4295-bc36-586a49584340}</UniqueIdentifier>
    </Filter>
    <Filter Include="Source Files\5. Exploit">
      <UniqueIdentifier>{ed027ce0-2f7f-4cea-b5e5-b62b1084ccc8}</UniqueIdentifier>
    </Filter>
    <Filter Include="Source Files\5. Exploit\ZeroLogon">
      <UniqueIdentifier>{35445645-6255-49b0-a995-d35f446b29b6}</UniqueIdentifier>
    </Filter>
    <Filter Include="Source Files\4. FingerPrintInfo\EnumRPC">
      <UniqueIdentifier>{c89d318e-55a1-428f-8706-5fb18ed906df}</UniqueIdentifier>
    </Filter>
    <Filter Include="Source Files\5. Exploit\PrintNightmare">
      <UniqueIdentifier>{d664edd7-a23a-4204-a43c-3a287d932c2b}</UniqueIdentifier>
    </Filter>
    <Filter Include="Source Files\Tools\MgCredentials">
      <UniqueIdentifier>{d10cd55b-3025-4d92-88f7-91ce9436b88a}</UniqueIdentifier>
    </Filter>
    <Filter Include="Source Files\3. PortScan">
      <UniqueIdentifier>{aadcd73f-d393-4a14-95d5-6abb15d95450}</UniqueIdentifier>
    </Filter>
    <Filter Include="Source Files\3. PortScan\PortList">
      <UniqueIdentifier>{3cd9dd40-88a8-44a2-977f-e6787250df41}</UniqueIdentifier>
    </Filter>
    <Filter Include="Source Files\5. Exploit\SMBv1">
      <UniqueIdentifier>{b67c1a6a-51c4-42b6-8d0e-8f974e10fda0}</UniqueIdentifier>
    </Filter>
    <Filter Include="Source Files\Tools\XorRoutine">
      <UniqueIdentifier>{16f6374f-543b-4200-9300-c76b5ecf6f8c}</UniqueIdentifier>
    </Filter>
    <Filter Include="Source Files\4. FingerPrintInfo\EnumHTTP\Software">
      <UniqueIdentifier>{801bc824-5d6d-4343-999d-1f7a846413fb}</UniqueIdentifier>
    </Filter>
    <Filter Include="Source Files\4. FingerPrintInfo\EnumHTTP\Software\EnumFRITZBox">
      <UniqueIdentifier>{b1ae890d-6619-437f-bf22-f68c035e722e}</UniqueIdentifier>
    </Filter>
    <Filter Include="Source Files\4. FingerPrintInfo\EnumHTTP\Software\EnumDeluge">
      <UniqueIdentifier>{3d606dfa-2807-4bc0-b6ea-bd5b17dffb47}</UniqueIdentifier>
    </Filter>
    <Filter Include="Source Files\4. FingerPrintInfo\EnumHTTP\CheckCVE">
      <UniqueIdentifier>{8de95818-c142-4fa5-b78e-7532ee34d542}</UniqueIdentifier>
    </Filter>
    <Filter Include="Resource Files\wordlist\wordlistCustom">
      <UniqueIdentifier>{c08ba104-0e12-465d-8e38-929e4f86fac4}</UniqueIdentifier>
    </Filter>
    <Filter Include="Source Files\4. FingerPrintInfo\EnumDNS">
      <UniqueIdentifier>{0d135bbc-615b-4267-9579-7b152d13220e}</UniqueIdentifier>
    </Filter>
    <Filter Include="Source Files\Tools\Curl">
      <UniqueIdentifier>{232ba5dc-c4be-400a-b75b-0731ffb3eb03}</UniqueIdentifier>
    </Filter>
    <Filter Include="Source Files\4. FingerPrintInfo\EnumHTTP\ChainList">
      <UniqueIdentifier>{eb7367fe-a5e6-46df-8a2f-f4a2bd58716a}</UniqueIdentifier>
    </Filter>
    <Filter Include="Source Files\4. FingerPrintInfo\EnumHTTP\ToolsHTTP\ParseHttpResponse">
      <UniqueIdentifier>{871c6ff6-1e36-421e-aa4b-29f5da535050}</UniqueIdentifier>
    </Filter>
    <Filter Include="Source Files\4. FingerPrintInfo\EnumHTTP\DirBruteForce">
      <UniqueIdentifier>{4b16791e-0f63-4d0f-9142-4d72c8d9ff65}</UniqueIdentifier>
    </Filter>
    <Filter Include="Source Files\Tools\Message">
      <UniqueIdentifier>{51811479-e048-4a7a-8296-d7aea58e719a}</UniqueIdentifier>
    </Filter>
    <Filter Include="Source Files\AttackDOS">
      <UniqueIdentifier>{910db0cc-7ccf-40eb-a8c9-3077e0d5b6af}</UniqueIdentifier>
    </Filter>
    <Filter Include="Source Files\AttackDOS\AttackFloodPing">
      <UniqueIdentifier>{bab08f0b-9b82-4d5f-ac03-4f4a98c02e2b}</UniqueIdentifier>
    </Filter>
    <Filter Include="Source Files\AttackDOS\AttackFloodFullTCP">
      <UniqueIdentifier>{c7860373-f24a-4d00-a63f-00afaa7483f0}</UniqueIdentifier>
    </Filter>
    <Filter Include="Source Files\AttackDOS\AttackFloodUDP">
      <UniqueIdentifier>{39b0dfe2-a97b-4798-b6d5-4c05d9fda1d9}</UniqueIdentifier>
    </Filter>
    <Filter Include="Source Files\AttackDOS\AttackFloodTcpSyn">
      <UniqueIdentifier>{2ba8271e-dc21-4b8e-98e9-6416ec78c28b}</UniqueIdentifier>
    </Filter>
  </ItemGroup>
  <ItemGroup>
    <ClCompile Include="main.c">
      <Filter>Source Files</Filter>
    </ClCompile>
    <ClCompile Include="AdapterInformation.c">
      <Filter>Source Files\1. AdapterInformation</Filter>
    </ClCompile>
    <ClCompile Include="NetDiscovery.c">
      <Filter>Source Files\2. NetDiscovery</Filter>
    </ClCompile>
    <ClCompile Include="Network.c">
      <Filter>Source Files\Tools\Network</Filter>
    </ClCompile>
    <ClCompile Include="ICMP.c">
      <Filter>Source Files\2. NetDiscovery\ICMP</Filter>
    </ClCompile>
    <ClCompile Include="ARPTable.c">
      <Filter>Source Files\2. NetDiscovery\ARPTable</Filter>
    </ClCompile>
    <ClCompile Include="ARPQuery.c">
      <Filter>Source Files\2. NetDiscovery\ARPQuery</Filter>
    </ClCompile>
    <ClCompile Include="GetMacVendor.c">
      <Filter>Source Files\2. NetDiscovery\GetMacVendor</Filter>
    </ClCompile>
    <ClCompile Include="PassifPacketSniffing.c">
      <Filter>Source Files\2. NetDiscovery\PassifPacketSniffing</Filter>
    </ClCompile>
    <ClCompile Include="PortScan.c">
      <Filter>Source Files\3. PortScan</Filter>
    </ClCompile>
    <ClCompile Include="MgArguments.c">
      <Filter>Source Files\Tools\MgArguments</Filter>
    </ClCompile>
    <ClCompile Include="EnumSMB.c">
      <Filter>Source Files\4. FingerPrintInfo\EnumSMB</Filter>
    </ClCompile>
    <ClCompile Include="PortFingerPrint.c">
      <Filter>Source Files\4. FingerPrintInfo</Filter>
    </ClCompile>
    <ClCompile Include="EnumFTP.c">
      <Filter>Source Files\4. FingerPrintInfo\EnumFTP</Filter>
    </ClCompile>
    <ClCompile Include="wordlist.c">
      <Filter>Resource Files\wordlist</Filter>
    </ClCompile>
    <ClCompile Include="EnumNetBios.c">
      <Filter>Source Files\4. FingerPrintInfo\EnumNetBios</Filter>
    </ClCompile>
    <ClCompile Include="DetectWAF.c">
      <Filter>Source Files\4. FingerPrintInfo\EnumHTTP\DetectWAF</Filter>
    </ClCompile>
    <ClCompile Include="EnumFRITZBox.c">
      <Filter>Source Files\4. FingerPrintInfo\EnumHTTP\Software\EnumFRITZBox</Filter>
    </ClCompile>
    <ClCompile Include="GetHTTPserver.c">
      <Filter>Source Files\4. FingerPrintInfo\EnumHTTP\GetHTTPserver</Filter>
    </ClCompile>
    <ClCompile Include="GetHTTPSserver.c">
      <Filter>Source Files\4. FingerPrintInfo\EnumHTTP\GetHTTPserver</Filter>
    </ClCompile>
    <ClCompile Include="EnumSMTP.c">
      <Filter>Source Files\4. FingerPrintInfo\EnumSMTP</Filter>
    </ClCompile>
    <ClCompile Include="DNSscan.c">
      <Filter>Source Files\2. NetDiscovery\DNSscan</Filter>
    </ClCompile>
    <ClCompile Include="FaviconDetection.c">
      <Filter>Source Files\4. FingerPrintInfo\EnumHTTP\FaviconDetection</Filter>
    </ClCompile>
    <ClCompile Include="md5.c">
      <Filter>Source Files\Tools\MD5</Filter>
    </ClCompile>
    <ClCompile Include="ToolsHTTP.c">
      <Filter>Source Files\4. FingerPrintInfo\EnumHTTP\ToolsHTTP</Filter>
    </ClCompile>
    <ClCompile Include="EnumHTTP.c">
      <Filter>Source Files\4. FingerPrintInfo\EnumHTTP</Filter>
    </ClCompile>
    <ClCompile Include="DetectHttpBasicAuth.c">
      <Filter>Source Files\4. FingerPrintInfo\EnumHTTP\DetectHttpBasicAuth</Filter>
    </ClCompile>
    <ClCompile Include="Base64.c">
      <Filter>Source Files\Tools\Base64</Filter>
    </ClCompile>
    <ClCompile Include="portList.c">
      <Filter>Source Files\3. PortScan\PortList</Filter>
    </ClCompile>
    <ClCompile Include="EnumLDAP.c">
      <Filter>Source Files\4. FingerPrintInfo\EnumLDAP</Filter>
    </ClCompile>
    <ClCompile Include="Exploit.c">
      <Filter>Source Files\5. Exploit</Filter>
    </ClCompile>
    <ClCompile Include="ZeroLogon.c">
      <Filter>Source Files\5. Exploit\ZeroLogon</Filter>
    </ClCompile>
    <ClCompile Include="EnumRPC.c">
      <Filter>Source Files\4. FingerPrintInfo\EnumRPC</Filter>
    </ClCompile>
    <ClCompile Include="PrintNightmare.c">
      <Filter>Source Files\5. Exploit\PrintNightmare</Filter>
    </ClCompile>
    <ClCompile Include="EnumPort.c">
      <Filter>Source Files\4. FingerPrintInfo</Filter>
    </ClCompile>
    <ClCompile Include="EnumSmbUser.c">
      <Filter>Source Files\4. FingerPrintInfo\EnumSMB</Filter>
    </ClCompile>
    <ClCompile Include="MgCredentials.c">
      <Filter>Source Files\Tools\MgCredentials</Filter>
    </ClCompile>
    <ClCompile Include="CheckMs17_010.c">
      <Filter>Source Files\5. Exploit\SMBv1</Filter>
    </ClCompile>
    <ClCompile Include="CheckDoublePulsar.c">
      <Filter>Source Files\5. Exploit\SMBv1</Filter>
    </ClCompile>
    <ClCompile Include="CheckSMBv1.c">
      <Filter>Source Files\4. FingerPrintInfo\EnumSMB</Filter>
    </ClCompile>
    <ClCompile Include="XorRoutine.c">
      <Filter>Source Files\Tools\XorRoutine</Filter>
    </ClCompile>
    <ClCompile Include="EnumDeluge.c">
      <Filter>Source Files\4. FingerPrintInfo\EnumHTTP\Software\EnumDeluge</Filter>
    </ClCompile>
    <ClCompile Include="CheckCVE.c">
      <Filter>Source Files\4. FingerPrintInfo\EnumHTTP\CheckCVE</Filter>
    </ClCompile>
    <ClCompile Include="EnumDNS.c">
      <Filter>Source Files\4. FingerPrintInfo\EnumDNS</Filter>
    </ClCompile>
    <ClCompile Include="Curl.c">
      <Filter>Source Files\Tools\Curl</Filter>
    </ClCompile>
    <ClCompile Include="ChainListUrlRedir.c">
      <Filter>Source Files\4. FingerPrintInfo\EnumHTTP\ChainList</Filter>
    </ClCompile>
    <ClCompile Include="ParseHttpResponse.c">
      <Filter>Source Files\4. FingerPrintInfo\EnumHTTP\ToolsHTTP\ParseHttpResponse</Filter>
    </ClCompile>
    <ClCompile Include="DirBruteForce.c">
      <Filter>Source Files\4. FingerPrintInfo\EnumHTTP\DirBruteForce</Filter>
    </ClCompile>
    <ClCompile Include="Message.c">
      <Filter>Source Files\Tools\Message</Filter>
    </ClCompile>
    <ClCompile Include="AttackDOS.c">
      <Filter>Source Files\AttackDOS</Filter>
    </ClCompile>
    <ClCompile Include="AttackFloodPing.c">
      <Filter>Source Files\AttackDOS\AttackFloodPing</Filter>
    </ClCompile>
    <ClCompile Include="AttackFloodFullTCP.c">
      <Filter>Source Files\AttackDOS\AttackFloodFullTCP</Filter>
    </ClCompile>
    <ClCompile Include="AttackFloodUDP.c">
      <Filter>Source Files\AttackDOS\AttackFloodUDP</Filter>
    </ClCompile>
    <ClCompile Include="AttackFloodTcpSyn.c">
      <Filter>Source Files\AttackDOS\AttackFloodTcpSyn</Filter>
    </ClCompile>
  </ItemGroup>
  <ItemGroup>
    <ClInclude Include="AdapterInformation.h">
      <Filter>Source Files\1. AdapterInformation</Filter>
    </ClInclude>
    <ClInclude Include="NetDiscovery.h">
      <Filter>Source Files\2. NetDiscovery</Filter>
    </ClInclude>
    <ClInclude Include="Network.h">
      <Filter>Source Files\Tools\Network</Filter>
    </ClInclude>
    <ClInclude Include="ICMP.h">
      <Filter>Source Files\2. NetDiscovery\ICMP</Filter>
    </ClInclude>
    <ClInclude Include="ARPTable.h">
      <Filter>Source Files\2. NetDiscovery\ARPTable</Filter>
    </ClInclude>
    <ClInclude Include="ARPQuery.h">
      <Filter>Source Files\2. NetDiscovery\ARPQuery</Filter>
    </ClInclude>
    <ClInclude Include="GetMacVendor.h">
      <Filter>Source Files\2. NetDiscovery\GetMacVendor</Filter>
    </ClInclude>
    <ClInclude Include="PassifPacketSniffing.h">
      <Filter>Source Files\2. NetDiscovery\PassifPacketSniffing</Filter>
    </ClInclude>
    <ClInclude Include="tcpIpModuel.h">
      <Filter>Source Files\2. NetDiscovery\PassifPacketSniffing</Filter>
    </ClInclude>
    <ClInclude Include="PortScan.h">
      <Filter>Source Files\3. PortScan</Filter>
    </ClInclude>
    <ClInclude Include="MgArguments.h">
      <Filter>Source Files\Tools\MgArguments</Filter>
    </ClInclude>
    <ClInclude Include="EnumSMB.h">
      <Filter>Source Files\4. FingerPrintInfo\EnumSMB</Filter>
    </ClInclude>
    <ClInclude Include="PortFingerPrint.h">
      <Filter>Source Files\4. FingerPrintInfo</Filter>
    </ClInclude>
    <ClInclude Include="EnumFTP.h">
      <Filter>Source Files\4. FingerPrintInfo\EnumFTP</Filter>
    </ClInclude>
    <ClInclude Include="wordlist.h">
      <Filter>Resource Files\wordlist</Filter>
    </ClInclude>
    <ClInclude Include="EnumNetBios.h">
      <Filter>Source Files\4. FingerPrintInfo\EnumNetBios</Filter>
    </ClInclude>
    <ClInclude Include="DetectWAF.h">
      <Filter>Source Files\4. FingerPrintInfo\EnumHTTP\DetectWAF</Filter>
    </ClInclude>
    <ClInclude Include="EnumFRITZBox.h">
      <Filter>Source Files\4. FingerPrintInfo\EnumHTTP\Software\EnumFRITZBox</Filter>
    </ClInclude>
    <ClInclude Include="GetHTTPserver.h">
      <Filter>Source Files\4. FingerPrintInfo\EnumHTTP\GetHTTPserver</Filter>
    </ClInclude>
    <ClInclude Include="GetHTTPSserver.h">
      <Filter>Source Files\4. FingerPrintInfo\EnumHTTP\GetHTTPserver</Filter>
    </ClInclude>
    <ClInclude Include="macDB.h">
      <Filter>Source Files\2. NetDiscovery\GetMacVendor</Filter>
    </ClInclude>
    <ClInclude Include="EnumSMTP.h">
      <Filter>Source Files\4. FingerPrintInfo\EnumSMTP</Filter>
    </ClInclude>
    <ClInclude Include="DNSscan.h">
      <Filter>Source Files\2. NetDiscovery\DNSscan</Filter>
    </ClInclude>
    <ClInclude Include="FaviconDetection.h">
      <Filter>Source Files\4. FingerPrintInfo\EnumHTTP\FaviconDetection</Filter>
    </ClInclude>
    <ClInclude Include="md5.h">
      <Filter>Source Files\Tools\MD5</Filter>
    </ClInclude>
    <ClInclude Include="FaviconDatabase.h">
      <Filter>Source Files\4. FingerPrintInfo\EnumHTTP\FaviconDetection</Filter>
    </ClInclude>
    <ClInclude Include="ToolsHTTP.h">
      <Filter>Source Files\4. FingerPrintInfo\EnumHTTP\ToolsHTTP</Filter>
    </ClInclude>
    <ClInclude Include="EnumHTTP.h">
      <Filter>Source Files\4. FingerPrintInfo\EnumHTTP</Filter>
    </ClInclude>
    <ClInclude Include="DetectHttpBasicAuth.h">
      <Filter>Source Files\4. FingerPrintInfo\EnumHTTP\DetectHttpBasicAuth</Filter>
    </ClInclude>
    <ClInclude Include="Base64.h">
      <Filter>Source Files\Tools\Base64</Filter>
    </ClInclude>
    <ClInclude Include="portList.h">
      <Filter>Source Files\3. PortScan\PortList</Filter>
    </ClInclude>
    <ClInclude Include="EnumLDAP.h">
      <Filter>Source Files\4. FingerPrintInfo\EnumLDAP</Filter>
    </ClInclude>
    <ClInclude Include="Exploit.h">
      <Filter>Source Files\5. Exploit</Filter>
    </ClInclude>
    <ClInclude Include="ZeroLogon.h">
      <Filter>Source Files\5. Exploit\ZeroLogon</Filter>
    </ClInclude>
    <ClInclude Include="NetLogon.h">
      <Filter>Source Files\5. Exploit\ZeroLogon</Filter>
    </ClInclude>
    <ClInclude Include="EnumRPC.h">
      <Filter>Source Files\4. FingerPrintInfo\EnumRPC</Filter>
    </ClInclude>
    <ClInclude Include="HttpWordlist.h">
      <Filter>Resource Files\wordlist</Filter>
    </ClInclude>
    <ClInclude Include="PrintNightmare.h">
      <Filter>Source Files\5. Exploit\PrintNightmare</Filter>
    </ClInclude>
    <ClInclude Include="EnumPort.h">
      <Filter>Source Files\4. FingerPrintInfo</Filter>
    </ClInclude>
    <ClInclude Include="EnumSmbUser.h">
      <Filter>Source Files\4. FingerPrintInfo\EnumSMB</Filter>
    </ClInclude>
    <ClInclude Include="MgCredentials.h">
      <Filter>Source Files\Tools\MgCredentials</Filter>
    </ClInclude>
    <ClInclude Include="CheckMs17_010.h">
      <Filter>Source Files\5. Exploit\SMBv1</Filter>
    </ClInclude>
    <ClInclude Include="CheckDoublePulsar.h">
      <Filter>Source Files\5. Exploit\SMBv1</Filter>
    </ClInclude>
    <ClInclude Include="CheckSMBv1.h">
      <Filter>Source Files\4. FingerPrintInfo\EnumSMB</Filter>
    </ClInclude>
    <ClInclude Include="XorRoutine.h">
      <Filter>Source Files\Tools\XorRoutine</Filter>
    </ClInclude>
    <ClInclude Include="EnumDeluge.h">
      <Filter>Source Files\4. FingerPrintInfo\EnumHTTP\Software\EnumDeluge</Filter>
    </ClInclude>
    <ClInclude Include="CheckCVE.h">
      <Filter>Source Files\4. FingerPrintInfo\EnumHTTP\CheckCVE</Filter>
    </ClInclude>
    <ClInclude Include="IisWordList.h">
      <Filter>Resource Files\wordlist\wordlistCustom</Filter>
    </ClInclude>
    <ClInclude Include="apacheWordList.h">
      <Filter>Resource Files\wordlist\wordlistCustom</Filter>
    </ClInclude>
    <ClInclude Include="apacheTomcatWordList.h">
      <Filter>Resource Files\wordlist\wordlistCustom</Filter>
    </ClInclude>
    <ClInclude Include="EnumDNS.h">
      <Filter>Source Files\4. FingerPrintInfo\EnumDNS</Filter>
    </ClInclude>
    <ClInclude Include="Curl.h">
      <Filter>Source Files\Tools\Curl</Filter>
    </ClInclude>
    <ClInclude Include="ChainListUrlRedir.h">
      <Filter>Source Files\4. FingerPrintInfo\EnumHTTP\ChainList</Filter>
    </ClInclude>
    <ClInclude Include="backupWordList.h">
      <Filter>Resource Files\wordlist\wordlistCustom</Filter>
    </ClInclude>
    <ClInclude Include="ParseHttpResponse.h">
      <Filter>Source Files\4. FingerPrintInfo\EnumHTTP\ToolsHTTP\ParseHttpResponse</Filter>
    </ClInclude>
    <ClInclude Include="DirBruteForce.h">
      <Filter>Source Files\4. FingerPrintInfo\EnumHTTP\DirBruteForce</Filter>
    </ClInclude>
    <ClInclude Include="Message.h">
      <Filter>Source Files\Tools\Message</Filter>
    </ClInclude>
    <ClInclude Include="AttackDOS.h">
      <Filter>Source Files\AttackDOS</Filter>
    </ClInclude>
    <ClInclude Include="AttackFloodPing.h">
      <Filter>Source Files\AttackDOS\AttackFloodPing</Filter>
    </ClInclude>
    <ClInclude Include="AttackFloodFullTCP.h">
      <Filter>Source Files\AttackDOS\AttackFloodFullTCP</Filter>
    </ClInclude>
    <ClInclude Include="AttackFloodUDP.h">
      <Filter>Source Files\AttackDOS\AttackFloodUDP</Filter>
    </ClInclude>
    <ClInclude Include="AttackFloodTcpSyn.h">
      <Filter>Source Files\AttackDOS\AttackFloodTcpSyn</Filter>
    </ClInclude>
  </ItemGroup>
  <ItemGroup>
    <Text Include="TODO.md" />
  </ItemGroup>
</Project>